
Microsoft Visual Studio Solution File, Format Version 12.00
# Visual Studio Version 16
VisualStudioVersion = 16.0.30711.63
MinimumVisualStudioVersion = 10.0.40219.1
Project("{9A19103F-16F7-4668-BE54-9A1E7A4F7556}") = "demo_json_serialization", "demo_json_serialization\demo_json_serialization.csproj", "{66CAC50F-AC7A-4EB5-9884-0DFF432DCB6A}"
EndProject
Project("{FAE04EC0-301F-11D3-BF4B-00C04F79EFBC}") = "serialization_object", "serialization_object\serialization_object.csproj", "{A24D19C5-EB64-4D92-A2F2-E20BCCC373C9}"
EndProject
Global
	GlobalSection(SolutionConfigurationPlatforms) = preSolution
		Debug|Any CPU = Debug|Any CPU
		Release|Any CPU = Release|Any CPU
	EndGlobalSection
	GlobalSection(ProjectConfigurationPlatforms) = postSolution
		{66CAC50F-AC7A-4EB5-9884-0DFF432DCB6A}.Debug|Any CPU.ActiveCfg = Debug|Any CPU
		{66CAC50F-AC7A-4EB5-9884-0DFF432DCB6A}.Debug|Any CPU.Build.0 = Debug|Any CPU
		{66CAC50F-AC7A-4EB5-9884-0DFF432DCB6A}.Release|Any CPU.ActiveCfg = Release|Any CPU
		{66CAC50F-AC7A-4EB5-9884-0DFF432DCB6A}.Release|Any CPU.Build.0 = Release|Any CPU
		{A24D19C5-EB64-4D92-A2F2-E20BCCC373C9}.Debug|Any CPU.ActiveCfg = Debug|Any CPU
		{A24D19C5-EB64-4D92-A2F2-E20BCCC373C9}.Debug|Any CPU.Build.0 = Debug|Any CPU
		{A24D19C5-EB64-4D92-A2F2-E20BCCC373C9}.Release|Any CPU.ActiveCfg = Release|Any CPU
		{A24D19C5-EB64-4D92-A2F2-E20BCCC373C9}.Release|Any CPU.Build.0 = Release|Any CPU
	EndGlobalSection
	GlobalSection(SolutionProperties) = preSolution
		HideSolutionNode = FALSE
	EndGlobalSection
	GlobalSection(ExtensibilityGlobals) = postSolution
		SolutionGuid = {52C93AA3-8B8B-4155-979D-ADA2D4C56B46}
	EndGlobalSection
EndGlobal
